{
  "nodes": {
    "doctest-parallel": {
      "flake": false,
      "locked": {
        "lastModified": 1777046262,
        "narHash": "sha256-xxbPYHWearFYRS3fwMaHkld1E1ADicOv8U9ok0ZFJuY=",
        "owner": "martijnbastiaan",
        "repo": "doctest-parallel",
        "rev": "e18811f1c43c2ad2f99e431e5f8b3ca639fa6f59",
        "type": "github"
      },
      "original": {
        "owner": "martijnbastiaan",
        "repo": "doctest-parallel",
        "type": "github"
      }
    },
    "doxygen-parser-src": {
      "flake": false,
      "locked": {
        "lastModified": 1777909970,
        "narHash": "sha256-7G142qWNIpz4porHJ1OHr8bywaDPIMbc0Bkc+WikRnY=",
        "owner": "well-typed",
        "repo": "doxygen-parser",
        "rev": "33b5074eb5122062ac41fa8b9ed0596d39913b63",
        "type": "github"
      },
      "original": {
        "owner": "well-typed",
        "repo": "doxygen-parser",
        "rev": "33b5074eb5122062ac41fa8b9ed0596d39913b63",
        "type": "github"
      }
    },
    "flake-parts": {
      "inputs": {
        "nixpkgs-lib": "nixpkgs-lib"
      },
      "locked": {
        "lastModified": 1778716662,
        "narHash": "sha256-m1Yf0wZ8j1OHjTc2UwHwyQRSnNeSgLJOd7q5Y45hzi4=",
        "owner": "hercules-ci",
        "repo": "flake-parts",
        "rev": "f7c1a2d347e4c52d5fb8d10cb4d94b5884e546fb",
        "type": "github"
      },
      "original": {
        "owner": "hercules-ci",
        "repo": "flake-parts",
        "type": "github"
      }
    },
    "flake-utils": {
      "inputs": {
        "systems": "systems"
      },
      "locked": {
        "lastModified": 1731533236,
        "narHash": "sha256-l0KFg5HjrsfsO/JpG+r7fRrqm12kzFHyUHqHCVpMMbI=",
        "owner": "numtide",
        "repo": "flake-utils",
        "rev": "11707dc2f618dd54ca8739b309ec4fc024de578b",
        "type": "github"
      },
      "original": {
        "owner": "numtide",
        "repo": "flake-utils",
        "type": "github"
      }
    },
    "ghc-tcplugins-extra": {
      "flake": false,
      "locked": {
        "lastModified": 1755520404,
        "narHash": "sha256-miSTW16R0YoHUygZ4mtejBZjZA/8nFn20y/BZaAUi78=",
        "owner": "sheaf",
        "repo": "ghc-tcplugins-extra",
        "rev": "6842eb467dde87cf6249828011f4c9d717f7f2b0",
        "type": "github"
      },
      "original": {
        "owner": "sheaf",
        "ref": "ghc-9.14",
        "repo": "ghc-tcplugins-extra",
        "type": "github"
      }
    },
    "ghc-typelits-natnormalise": {
      "flake": false,
      "locked": {
        "lastModified": 1778677210,
        "narHash": "sha256-HTYF1r3BQEHlsPn0OSSW+nTmF0AoOvoNfF3oRgS3fAo=",
        "owner": "clash-lang",
        "repo": "ghc-typelits-natnormalise",
        "rev": "76dc51382c1f51161af84bebdfed253103c7f7dd",
        "type": "github"
      },
      "original": {
        "owner": "clash-lang",
        "repo": "ghc-typelits-natnormalise",
        "type": "github"
      }
    },
    "glib": {
      "flake": false,
      "locked": {
        "dir": "glib",
        "lastModified": 1771066836,
        "narHash": "sha256-uAum2JrWoYUmQf4TdLe1voGEO32hPVyu4WlhBdB+oXQ=",
        "owner": "TuongNM",
        "repo": "gtk2hs",
        "rev": "16c4adcf5ec20dd7e0e52bf613249df5f43bffdb",
        "type": "github"
      },
      "original": {
        "dir": "glib",
        "owner": "TuongNM",
        "ref": "ghc-rts-api",
        "repo": "gtk2hs",
        "type": "github"
      }
    },
    "haskell-flake": {
      "locked": {
        "lastModified": 1778516854,
        "narHash": "sha256-taSEru+AbKGf1lA2cDdjrFkhW/PmPHFopHI0hXWTie0=",
        "owner": "srid",
        "repo": "haskell-flake",
        "rev": "85490b9e730fa8ee8e0d52429db643803e9f6401",
        "type": "github"
      },
      "original": {
        "owner": "srid",
        "repo": "haskell-flake",
        "type": "github"
      }
    },
    "hs-bindgen": {
      "inputs": {
        "doxygen-parser-src": "doxygen-parser-src",
        "flake-parts": [
          "flake-parts"
        ],
        "libclang-bindings-src": "libclang-bindings-src",
        "nixpkgs": [
          "nixpkgs"
        ]
      },
      "locked": {
        "lastModified": 1778775636,
        "narHash": "sha256-90bo4u965Z58Tpc42LuHmmBDYP9LxhThc4xf2kHuCao=",
        "owner": "well-typed",
        "repo": "hs-bindgen",
        "rev": "a39450ea3106566356ac1d80a41c0eb3aa02b18e",
        "type": "github"
      },
      "original": {
        "owner": "well-typed",
        "repo": "hs-bindgen",
        "type": "github"
      }
    },
    "libclang-bindings-src": {
      "flake": false,
      "locked": {
        "lastModified": 1778673321,
        "narHash": "sha256-33M7uwqgEStJkAxlUkqqix97BtvHowGnv92b/SqAWqY=",
        "owner": "well-typed",
        "repo": "libclang-bindings",
        "rev": "821b62535af96353be6a30baf45a0adcd08770c0",
        "type": "github"
      },
      "original": {
        "owner": "well-typed",
        "repo": "libclang-bindings",
        "rev": "821b62535af96353be6a30baf45a0adcd08770c0",
        "type": "github"
      }
    },
    "nixpkgs": {
      "locked": {
        "lastModified": 1778869304,
        "narHash": "sha256-30sZNZoA1cqF5JNO9fVX+wgiQYjB7HJqqJ4ztCDeBZE=",
        "owner": "nixos",
        "repo": "nixpkgs",
        "rev": "d233902339c02a9c334e7e593de68855ad26c4cb",
        "type": "github"
      },
      "original": {
        "owner": "nixos",
        "ref": "nixos-unstable",
        "repo": "nixpkgs",
        "type": "github"
      }
    },
    "nixpkgs-lib": {
      "locked": {
        "lastModified": 1777168982,
        "narHash": "sha256-GOkGPcboWE9BmGCRMLX3worL4EMnsnG8MyKmXNeYuhQ=",
        "owner": "nix-community",
        "repo": "nixpkgs.lib",
        "rev": "f5901329dade4a6ea039af1433fb087bd9c1fe14",
        "type": "github"
      },
      "original": {
        "owner": "nix-community",
        "repo": "nixpkgs.lib",
        "type": "github"
      }
    },
    "river": {
      "flake": false,
      "locked": {
        "lastModified": 1778571922,
        "narHash": "sha256-pu7bdCK7PKNEIHr7xzzCdcE1qCelxPT6YPRWWutlzAw=",
        "ref": "refs/heads/main",
        "rev": "8a1afd94ca477045f39bf91ac9ec31da9e9f932a",
        "revCount": 1715,
        "type": "git",
        "url": "https://codeberg.org/river/river"
      },
      "original": {
        "type": "git",
        "url": "https://codeberg.org/river/river"
      }
    },
    "root": {
      "inputs": {
        "doctest-parallel": "doctest-parallel",
        "flake-parts": "flake-parts",
        "flake-utils": "flake-utils",
        "ghc-tcplugins-extra": "ghc-tcplugins-extra",
        "ghc-typelits-natnormalise": "ghc-typelits-natnormalise",
        "glib": "glib",
        "haskell-flake": "haskell-flake",
        "hs-bindgen": "hs-bindgen",
        "nixpkgs": "nixpkgs",
        "river": "river",
        "zon2nix": "zon2nix"
      }
    },
    "systems": {
      "locked": {
        "lastModified": 1681028828,
        "narHash": "sha256-Vy1rq5AaRuLzOxct8nz4T6wlgyUR7zLU309k9mBC768=",
        "owner": "nix-systems",
        "repo": "default",
        "rev": "da67096a3b9bf56a91d16901293e51ba5b49a27e",
        "type": "github"
      },
      "original": {
        "owner": "nix-systems",
        "repo": "default",
        "type": "github"
      }
    },
    "zon2nix": {
      "inputs": {
        "nixpkgs": [
          "nixpkgs"
        ]
      },
      "locked": {
        "lastModified": 1778078000,
        "narHash": "sha256-0djKIL0E8Y1W495bzIkmbCub571ubghZx3Fg7xQPNrk=",
        "owner": "jcollie",
        "repo": "zon2nix",
        "rev": "a9f46c6fe9177135a3001e26ec76715bb998c6cf",
        "type": "github"
      },
      "original": {
        "owner": "jcollie",
        "repo": "zon2nix",
        "type": "github"
      }
    }
  },
  "root": "root",
  "version": 7
}
